
Microsoft Visual Studio Solution File, Format Version 12.00
# Visual Studio Version 17
VisualStudioVersion = 17.1.32421.90
MinimumVisualStudioVersion = 10.0.40219.1
Project("{9A19103F-16F7-4668-BE54-9A1E7A4F7556}") = "CompanyEmployees", "CompanyEmployees\CompanyEmployees.csproj", "{69DB00FD-D759-46CF-A769-2CA7AD69EC83}"
EndProject
Project("{2150E333-8FDC-42A3-9474-1A3956D46DE8}") = "Solution Items", "Solution Items", "{FD8DB1E2-AC2D-405D-BC90-9833DCF871CC}"
	ProjectSection(SolutionItems) = preProject
		.editorconfig = .editorconfig
	EndProjectSection
EndProject
Project("{9A19103F-16F7-4668-BE54-9A1E7A4F7556}") = "Contracts", "Contracts\Contracts.csproj", "{63CBAE32-20D6-489E-A2F3-D6A1643580EC}"
EndProject
Project("{9A19103F-16F7-4668-BE54-9A1E7A4F7556}") = "LoggerService", "LoggerService\LoggerService.csproj", "{D205EBAB-9976-46D8-BCCC-1464BC939D13}"
EndProject
Project("{9A19103F-16F7-4668-BE54-9A1E7A4F7556}") = "Entities", "Entities\Entities.csproj", "{B8E1C608-8728-4926-80CB-6954554DE070}"
EndProject
Project("{9A19103F-16F7-4668-BE54-9A1E7A4F7556}") = "Repository", "Repository\Repository.csproj", "{13031AF2-AFCF-4FBF-9864-2A852A0A125B}"
EndProject
Project("{9A19103F-16F7-4668-BE54-9A1E7A4F7556}") = "Service.Contracts", "Service.Contracts\Service.Contracts.csproj", "{6274629D-E33D-4AA9-8799-0EE0C7518535}"
EndProject
Project("{9A19103F-16F7-4668-BE54-9A1E7A4F7556}") = "Service", "Service\Service.csproj", "{D528EC75-685F-448E-B268-FB2AA3C87FE9}"
EndProject
Project("{FAE04EC0-301F-11D3-BF4B-00C04F79EFBC}") = "CompanyEmployees.Presentation", "CompanyEmployees.Presentation\CompanyEmployees.Presentation.csproj", "{BF6CC33F-A7B5-4FE0-BA12-6FF6F2223AD2}"
EndProject
Project("{FAE04EC0-301F-11D3-BF4B-00C04F79EFBC}") = "Shared", "Shared\Shared.csproj", "{BEBBF4F7-453A-4933-AE3B-8ACA77A34654}"
EndProject
Global
	GlobalSection(SolutionConfigurationPlatforms) = preSolution
		Debug|Any CPU = Debug|Any CPU
		Release|Any CPU = Release|Any CPU
	EndGlobalSection
	GlobalSection(ProjectConfigurationPlatforms) = postSolution
		{69DB00FD-D759-46CF-A769-2CA7AD69EC83}.Debug|Any CPU.ActiveCfg = Debug|Any CPU
		{69DB00FD-D759-46CF-A769-2CA7AD69EC83}.Debug|Any CPU.Build.0 = Debug|Any CPU
		{69DB00FD-D759-46CF-A769-2CA7AD69EC83}.Release|Any CPU.ActiveCfg = Release|Any CPU
		{69DB00FD-D759-46CF-A769-2CA7AD69EC83}.Release|Any CPU.Build.0 = Release|Any CPU
		{63CBAE32-20D6-489E-A2F3-D6A1643580EC}.Debug|Any CPU.ActiveCfg = Debug|Any CPU
		{63CBAE32-20D6-489E-A2F3-D6A1643580EC}.Debug|Any CPU.Build.0 = Debug|Any CPU
		{63CBAE32-20D6-489E-A2F3-D6A1643580EC}.Release|Any CPU.ActiveCfg = Release|Any CPU
		{63CBAE32-20D6-489E-A2F3-D6A1643580EC}.Release|Any CPU.Build.0 = Release|Any CPU
		{D205EBAB-9976-46D8-BCCC-1464BC939D13}.Debug|Any CPU.ActiveCfg = Debug|Any CPU
		{D205EBAB-9976-46D8-BCCC-1464BC939D13}.Debug|Any CPU.Build.0 = Debug|Any CPU
		{D205EBAB-9976-46D8-BCCC-1464BC939D13}.Release|Any CPU.ActiveCfg = Release|Any CPU
		{D205EBAB-9976-46D8-BCCC-1464BC939D13}.Release|Any CPU.Build.0 = Release|Any CPU
		{B8E1C608-8728-4926-80CB-6954554DE070}.Debug|Any CPU.ActiveCfg = Debug|Any CPU
		{B8E1C608-8728-4926-80CB-6954554DE070}.Debug|Any CPU.Build.0 = Debug|Any CPU
		{B8E1C608-8728-4926-80CB-6954554DE070}.Release|Any CPU.ActiveCfg = Release|Any CPU
		{B8E1C608-8728-4926-80CB-6954554DE070}.Release|Any CPU.Build.0 = Release|Any CPU
		{13031AF2-AFCF-4FBF-9864-2A852A0A125B}.Debug|Any CPU.ActiveCfg = Debug|Any CPU
		{13031AF2-AFCF-4FBF-9864-2A852A0A125B}.Debug|Any CPU.Build.0 = Debug|Any CPU
		{13031AF2-AFCF-4FBF-9864-2A852A0A125B}.Release|Any CPU.ActiveCfg = Release|Any CPU
		{13031AF2-AFCF-4FBF-9864-2A852A0A125B}.Release|Any CPU.Build.0 = Release|Any CPU
		{6274629D-E33D-4AA9-8799-0EE0C7518535}.Debug|Any CPU.ActiveCfg = Debug|Any CPU
		{6274629D-E33D-4AA9-8799-0EE0C7518535}.Debug|Any CPU.Build.0 = Debug|Any CPU
		{6274629D-E33D-4AA9-8799-0EE0C7518535}.Release|Any CPU.ActiveCfg = Release|Any CPU
		{6274629D-E33D-4AA9-8799-0EE0C7518535}.Release|Any CPU.Build.0 = Release|Any CPU
		{D528EC75-685F-448E-B268-FB2AA3C87FE9}.Debug|Any CPU.ActiveCfg = Debug|Any CPU
		{D528EC75-685F-448E-B268-FB2AA3C87FE9}.Debug|Any CPU.Build.0 = Debug|Any CPU
		{D528EC75-685F-448E-B268-FB2AA3C87FE9}.Release|Any CPU.ActiveCfg = Release|Any CPU
		{D528EC75-685F-448E-B268-FB2AA3C87FE9}.Release|Any CPU.Build.0 = Release|Any CPU
		{BF6CC33F-A7B5-4FE0-BA12-6FF6F2223AD2}.Debug|Any CPU.ActiveCfg = Debug|Any CPU
		{BF6CC33F-A7B5-4FE0-BA12-6FF6F2223AD2}.Debug|Any CPU.Build.0 = Debug|Any CPU
		{BF6CC33F-A7B5-4FE0-BA12-6FF6F2223AD2}.Release|Any CPU.ActiveCfg = Release|Any CPU
		{BF6CC33F-A7B5-4FE0-BA12-6FF6F2223AD2}.Release|Any CPU.Build.0 = Release|Any CPU
		{BEBBF4F7-453A-4933-AE3B-8ACA77A34654}.Debug|Any CPU.ActiveCfg = Debug|Any CPU
		{BEBBF4F7-453A-4933-AE3B-8ACA77A34654}.Debug|Any CPU.Build.0 = Debug|Any CPU
		{BEBBF4F7-453A-4933-AE3B-8ACA77A34654}.Release|Any CPU.ActiveCfg = Release|Any CPU
		{BEBBF4F7-453A-4933-AE3B-8ACA77A34654}.Release|Any CPU.Build.0 = Release|Any CPU
	EndGlobalSection
	GlobalSection(SolutionProperties) = preSolution
		HideSolutionNode = FALSE
	EndGlobalSection
	GlobalSection(ExtensibilityGlobals) = postSolution
		SolutionGuid = {864F3C89-088A-4E56-A6BA-363F81439977}
	EndGlobalSection
EndGlobal
