
Microsoft Visual Studio Solution File, Format Version 12.00
# Visual Studio Version 17
VisualStudioVersion = 17.1.32421.90
MinimumVisualStudioVersion = 10.0.40219.1
Project("{FAE04EC0-301F-11D3-BF4B-00C04F79EFBC}") = "CompanyEmployees", "CompanyEmployees\CompanyEmployees.csproj", "{69DB00FD-D759-46CF-A769-2CA7AD69EC83}"
EndProject
Project("{2150E333-8FDC-42A3-9474-1A3956D46DE8}") = "Solution Items", "Solution Items", "{FD8DB1E2-AC2D-405D-BC90-9833DCF871CC}"
	ProjectSection(SolutionItems) = preProject
		.editorconfig = .editorconfig
	EndProjectSection
EndProject
Global
	GlobalSection(SolutionConfigurationPlatforms) = preSolution
		Debug|Any CPU = Debug|Any CPU
		Release|Any CPU = Release|Any CPU
	EndGlobalSection
	GlobalSection(ProjectConfigurationPlatforms) = postSolution
		{69DB00FD-D759-46CF-A769-2CA7AD69EC83}.Debug|Any CPU.ActiveCfg = Debug|Any CPU
		{69DB00FD-D759-46CF-A769-2CA7AD69EC83}.Debug|Any CPU.Build.0 = Debug|Any CPU
		{69DB00FD-D759-46CF-A769-2CA7AD69EC83}.Release|Any CPU.ActiveCfg = Release|Any CPU
		{69DB00FD-D759-46CF-A769-2CA7AD69EC83}.Release|Any CPU.Build.0 = Release|Any CPU
	EndGlobalSection
	GlobalSection(SolutionProperties) = preSolution
		HideSolutionNode = FALSE
	EndGlobalSection
	GlobalSection(ExtensibilityGlobals) = postSolution
		SolutionGuid = {864F3C89-088A-4E56-A6BA-363F81439977}
	EndGlobalSection
EndGlobal
